
Microsoft Visual Studio Solution File, Format Version 12.00
# Visual Studio Version 16
VisualStudioVersion = 16.0.30413.136
MinimumVisualStudioVersion = 10.0.40219.1
Project("{FAE04EC0-301F-11D3-BF4B-00C04F79EFBC}") = "MXDGGoodsReceive", "MXDGGoodsReceive\MXDGGoodsReceive.csproj", "{141F86EB-28F1-496D-B5FB-CEA00DA05640}"
EndProject
Global
	GlobalSection(SolutionConfigurationPlatforms) = preSolution
		Debug|Any CPU = Debug|Any CPU
		Release|Any CPU = Release|Any CPU
	EndGlobalSection
	GlobalSection(ProjectConfigurationPlatforms) = postSolution
		{141F86EB-28F1-496D-B5FB-CEA00DA05640}.Debug|Any CPU.ActiveCfg = Debug|Any CPU
		{141F86EB-28F1-496D-B5FB-CEA00DA05640}.Debug|Any CPU.Build.0 = Debug|Any CPU
		{141F86EB-28F1-496D-B5FB-CEA00DA05640}.Release|Any CPU.ActiveCfg = Release|Any CPU
		{141F86EB-28F1-496D-B5FB-CEA00DA05640}.Release|Any CPU.Build.0 = Release|Any CPU
	EndGlobalSection
	GlobalSection(SolutionProperties) = preSolution
		HideSolutionNode = FALSE
	EndGlobalSection
	GlobalSection(ExtensibilityGlobals) = postSolution
		SolutionGuid = {E4A526D8-D964-4254-B18C-05D7112CE9B9}
	EndGlobalSection
EndGlobal
